
Microsoft Visual Studio Solution File, Format Version 12.00
# Visual Studio Version 16
VisualStudioVersion = 16.0.30804.86
MinimumVisualStudioVersion = 10.0.40219.1
Project("{FAE04EC0-301F-11D3-BF4B-00C04F79EFBC}") = "Radar.Library", "Radar.Library\Radar.Library.csproj", "{BACECDD6-ECE2-4A71-A097-2DEC58B1C8F2}"
EndProject
Project("{FAE04EC0-301F-11D3-BF4B-00C04F79EFBC}") = "Radar.Desktop", "Radar.Desktop\Radar.Desktop.csproj", "{F1A5DA3F-4BBF-4164-B1E7-800FC3C5ED25}"
EndProject
Project("{FAE04EC0-301F-11D3-BF4B-00C04F79EFBC}") = "Radar.API", "Radar.API\Radar.API.csproj", "{806125FE-8AD4-47D8-985C-A30211133577}"
EndProject
Global
	GlobalSection(SolutionConfigurationPlatforms) = preSolution
		Debug|Any CPU = Debug|Any CPU
		Release|Any CPU = Release|Any CPU
	EndGlobalSection
	GlobalSection(ProjectConfigurationPlatforms) = postSolution
		{BACECDD6-ECE2-4A71-A097-2DEC58B1C8F2}.Debug|Any CPU.ActiveCfg = Debug|Any CPU
		{BACECDD6-ECE2-4A71-A097-2DEC58B1C8F2}.Debug|Any CPU.Build.0 = Debug|Any CPU
		{BACECDD6-ECE2-4A71-A097-2DEC58B1C8F2}.Release|Any CPU.ActiveCfg = Release|Any CPU
		{BACECDD6-ECE2-4A71-A097-2DEC58B1C8F2}.Release|Any CPU.Build.0 = Release|Any CPU
		{F1A5DA3F-4BBF-4164-B1E7-800FC3C5ED25}.Debug|Any CPU.ActiveCfg = Debug|Any CPU
		{F1A5DA3F-4BBF-4164-B1E7-800FC3C5ED25}.Debug|Any CPU.Build.0 = Debug|Any CPU
		{F1A5DA3F-4BBF-4164-B1E7-800FC3C5ED25}.Release|Any CPU.ActiveCfg = Release|Any CPU
		{F1A5DA3F-4BBF-4164-B1E7-800FC3C5ED25}.Release|Any CPU.Build.0 = Release|Any CPU
		{806125FE-8AD4-47D8-985C-A30211133577}.Debug|Any CPU.ActiveCfg = Debug|Any CPU
		{806125FE-8AD4-47D8-985C-A30211133577}.Debug|Any CPU.Build.0 = Debug|Any CPU
		{806125FE-8AD4-47D8-985C-A30211133577}.Release|Any CPU.ActiveCfg = Release|Any CPU
		{806125FE-8AD4-47D8-985C-A30211133577}.Release|Any CPU.Build.0 = Release|Any CPU
	EndGlobalSection
	GlobalSection(SolutionProperties) = preSolution
		HideSolutionNode = FALSE
	EndGlobalSection
	GlobalSection(ExtensibilityGlobals) = postSolution
		SolutionGuid = {61862159-B219-4FA8-9131-5B175EA986BA}
	EndGlobalSection
EndGlobal
